// !$*UTF8*$!
{
	archiveVersion = 1;
	classes = {
	};
	objectVersion = 50;
	objects = {

/* Begin PBXBuildFile section */
		63DC7E2725D4C64E008ABC59 /* TabView_Example_TestApp.swift in Sources */ = {isa = PBXBuildFile; fileRef = 63DC7E2625D4C64E008ABC59 /* TabView_Example_TestApp.swift */; };
		63DC7E2925D4C64E008ABC59 /* ContentView.swift in Sources */ = {isa = PBXBuildFile; fileRef = 63DC7E2825D4C64E008ABC59 /* ContentView.swift */; };
		63DC7E2B25D4C64F008ABC59 /* Assets.xcassets in Resources */ = {isa = PBXBuildFile; fileRef = 63DC7E2A25D4C64F008ABC59 /* Assets.xcassets */; };
		63DC7E2E25D4C64F008ABC59 /* Preview Assets.xcassets in Resources */ = {isa = PBXBuildFile; fileRef = 63DC7E2D25D4C64F008ABC59 /* Preview Assets.xcassets */; };
		63DC7E3925D4C64F008ABC59 /* TabView_Example_TestTests.swift in Sources */ = {isa = PBXBuildFile; fileRef = 63DC7E3825D4C64F008ABC59 /* TabView_Example_TestTests.swift */; };
		63DC7E5525D4C694008ABC59 /* TabView_Example.swift in Sources */ = {isa = PBXBuildFile; fileRef = 63DC7E5425D4C694008ABC59 /* TabView_Example.swift */; };
/* End PBXBuildFile section */

/* Begin PBXContainerItemProxy section */
		63DC7E3525D4C64F008ABC59 /* PBXContainerItemProxy */ = {
			isa = PBXContainerItemProxy;
			containerPortal = 63DC7E1B25D4C64E008ABC59 /* Project object */;
			proxyType = 1;
			remoteGlobalIDString = 63DC7E2225D4C64E008ABC59;
			remoteInfo = TabView_Example_Test;
		};
		63DC7E4025D4C64F008ABC59 /* PBXContainerItemProxy */ = {
			isa = PBXContainerItemProxy;
			containerPortal = 63DC7E1B25D4C64E008ABC59 /* Project object */;
			proxyType = 1;
			remoteGlobalIDString = 63DC7E2225D4C64E008ABC59;
			remoteInfo = TabView_Example_Test;
		};
/* End PBXContainerItemProxy section */

/* Begin PBXFileReference section */
		63DC7E2325D4C64E008ABC59 /* TabView_Example_Test.app */ = {isa = PBXFileReference; explicitFileType = wrapper.application; includeInIndex = 0; path = TabView_Example_Test.app; sourceTree = BUILT_PRODUCTS_DIR; };
		63DC7E2625D4C64E008ABC59 /* TabView_Example_TestApp.swift */ = {isa = PBXFileReference; lastKnownFileType = sourcecode.swift; path = TabView_Example_TestApp.swift; sourceTree = "<group>"; };
		63DC7E2825D4C64E008ABC59 /* ContentView.swift */ = {isa = PBXFileReference; lastKnownFileType = sourcecode.swift; path = ContentView.swift; sourceTree = "<group>"; };
		63DC7E2A25D4C64F008ABC59 /* Assets.xcassets */ = {isa = PBXFileReference; lastKnownFileType = folder.assetcatalog; path = Assets.xcassets; sourceTree = "<group>"; };
		63DC7E2D25D4C64F008ABC59 /* Preview Assets.xcassets */ = {isa = PBXFileReference; lastKnownFileType = folder.assetcatalog; path = "Preview Assets.xcassets"; sourceTree = "<group>"; };
		63DC7E2F25D4C64F008ABC59 /* Info.plist */ = {isa = PBXFileReference; lastKnownFileType = text.plist.xml; path = Info.plist; sourceTree = "<group>"; };
		63DC7E3425D4C64F008ABC59 /* TabView_Example_TestTests.xctest */ = {isa = PBXFileReference; explicitFileType = wrapper.cfbundle; includeInIndex = 0; path = TabView_Example_TestTests.xctest; sourceTree = BUILT_PRODUCTS_DIR; };
		63DC7E3825D4C64F008ABC59 /* TabView_Example_TestTests.swift */ = {isa = PBXFileReference; lastKnownFileType = sourcecode.swift; path = TabView_Example_TestTests.swift; sourceTree = "<group>"; };
		63DC7E3A25D4C64F008ABC59 /* Info.plist */ = {isa = PBXFileReference; lastKnownFileType = text.plist.xml; path = Info.plist; sourceTree = "<group>"; };
		63DC7E3F25D4C64F008ABC59 /* TabView_Example_TestUITests.xctest */ = {isa = PBXFileReference; explicitFileType = wrapper.cfbundle; includeInIndex = 0; path = TabView_Example_TestUITests.xctest; sourceTree = BUILT_PRODUCTS_DIR; };
		63DC7E4525D4C64F008ABC59 /* Info.plist */ = {isa = PBXFileReference; lastKnownFileType = text.plist.xml; path = Info.plist; sourceTree = "<group>"; };
		63DC7E5425D4C694008ABC59 /* TabView_Example.swift */ = {isa = PBXFileReference; lastKnownFileType = sourcecode.swift; path = TabView_Example.swift; sourceTree = "<group>"; };
/* End PBXFileReference section */

/* Begin PBXFrameworksBuildPhase section */
		63DC7E2025D4C64E008ABC59 /* Frameworks */ = {
			isa = PBXFrameworksBuildPhase;
			buildActionMask = 2147483647;
			files = (
			);
			runOnlyForDeploymentPostprocessing = 0;
		};
		63DC7E3125D4C64F008ABC59 /* Frameworks */ = {
			isa = PBXFrameworksBuildPhase;
			buildActionMask = 2147483647;
			files = (
			);
			runOnlyForDeploymentPostprocessing = 0;
		};
		63DC7E3C25D4C64F008ABC59 /* Frameworks */ = {
			isa = PBXFrameworksBuildPhase;
			buildActionMask = 2147483647;
			files = (
			);
			runOnlyForDeploymentPostprocessing = 0;
		};
/* End PBXFrameworksBuildPhase section */

/* Begin PBXGroup section */
		63DC7E1A25D4C64E008ABC59 = {
			isa = PBXGroup;
			children = (
				63DC7E2525D4C64E008ABC59 /* TabView_Example_Test */,
				63DC7E3725D4C64F008ABC59 /* TabView_Example_TestTests */,
				63DC7E4225D4C64F008ABC59 /* TabView_Example_TestUITests */,
				63DC7E2425D4C64E008ABC59 /* Products */,
			);
			sourceTree = "<group>";
		};
		63DC7E2425D4C64E008ABC59 /* Products */ = {
			isa = PBXGroup;
			children = (
				63DC7E2325D4C64E008ABC59 /* TabView_Example_Test.app */,
				63DC7E3425D4C64F008ABC59 /* TabView_Example_TestTests.xctest */,
				63DC7E3F25D4C64F008ABC59 /* TabView_Example_TestUITests.xctest */,
			);
			name = Products;
			sourceTree = "<group>";
		};
		63DC7E2525D4C64E008ABC59 /* TabView_Example_Test */ = {
			isa = PBXGroup;
			children = (
				63DC7E2625D4C64E008ABC59 /* TabView_Example_TestApp.swift */,
				63DC7E2825D4C64E008ABC59 /* ContentView.swift */,
				63DC7E2A25D4C64F008ABC59 /* Assets.xcassets */,
				63DC7E2F25D4C64F008ABC59 /* Info.plist */,
				63DC7E2C25D4C64F008ABC59 /* Preview Content */,
			);
			path = TabView_Example_Test;
			sourceTree = "<group>";
		};
		63DC7E2C25D4C64F008ABC59 /* Preview Content */ = {
			isa = PBXGroup;
			children = (
				63DC7E2D25D4C64F008ABC59 /* Preview Assets.xcassets */,
			);
			path = "Preview Content";
			sourceTree = "<group>";
		};
		63DC7E3725D4C64F008ABC59 /* TabView_Example_TestTests */ = {
			isa = PBXGroup;
			children = (
				63DC7E3825D4C64F008ABC59 /* TabView_Example_TestTests.swift */,
				63DC7E3A25D4C64F008ABC59 /* Info.plist */,
			);
			path = TabView_Example_TestTests;
			sourceTree = "<group>";
		};
		63DC7E4225D4C64F008ABC59 /* TabView_Example_TestUITests */ = {
			isa = PBXGroup;
			children = (
				63DC7E5425D4C694008ABC59 /* TabView_Example.swift */,
				63DC7E4525D4C64F008ABC59 /* Info.plist */,
			);
			path = TabView_Example_TestUITests;
			sourceTree = "<group>";
		};
/* End PBXGroup section */

/* Begin PBXNativeTarget section */
		63DC7E2225D4C64E008ABC59 /* TabView_Example_Test */ = {
			isa = PBXNativeTarget;
			buildConfigurationList = 63DC7E4825D4C64F008ABC59 /* Build configuration list for PBXNativeTarget "TabView_Example_Test" */;
			buildPhases = (
				63DC7E1F25D4C64E008ABC59 /* Sources */,
				63DC7E2025D4C64E008ABC59 /* Frameworks */,
				63DC7E2125D4C64E008ABC59 /* Resources */,
			);
			buildRules = (
			);
			dependencies = (
			);
			name = TabView_Example_Test;
			productName = TabView_Example_Test;
			productReference = 63DC7E2325D4C64E008ABC59 /* TabView_Example_Test.app */;
			productType = "com.apple.product-type.application";
		};
		63DC7E3325D4C64F008ABC59 /* TabView_Example_TestTests */ = {
			isa = PBXNativeTarget;
			buildConfigurationList = 63DC7E4B25D4C64F008ABC59 /* Build configuration list for PBXNativeTarget "TabView_Example_TestTests" */;
			buildPhases = (
				63DC7E3025D4C64F008ABC59 /* Sources */,
				63DC7E3125D4C64F008ABC59 /* Frameworks */,
				63DC7E3225D4C64F008ABC59 /* Resources */,
			);
			buildRules = (
			);
			dependencies = (
				63DC7E3625D4C64F008ABC59 /* PBXTargetDependency */,
			);
			name = TabView_Example_TestTests;
			productName = TabView_Example_TestTests;
			productReference = 63DC7E3425D4C64F008ABC59 /* TabView_Example_TestTests.xctest */;
			productType = "com.apple.product-type.bundle.unit-test";
		};
		63DC7E3E25D4C64F008ABC59 /* TabView_Example_TestUITests */ = {
			isa = PBXNativeTarget;
			buildConfigurationList = 63DC7E4E25D4C64F008ABC59 /* Build configuration list for PBXNativeTarget "TabView_Example_TestUITests" */;
			buildPhases = (
				63DC7E3B25D4C64F008ABC59 /* Sources */,
				63DC7E3C25D4C64F008ABC59 /* Frameworks */,
				63DC7E3D25D4C64F008ABC59 /* Resources */,
			);
			buildRules = (
			);
			dependencies = (
				63DC7E4125D4C64F008ABC59 /* PBXTargetDependency */,
			);
			name = TabView_Example_TestUITests;
			productName = TabView_Example_TestUITests;
			productReference = 63DC7E3F25D4C64F008ABC59 /* TabView_Example_TestUITests.xctest */;
			productType = "com.apple.product-type.bundle.ui-testing";
		};
/* End PBXNativeTarget section */

/* Begin PBXProject section */
		63DC7E1B25D4C64E008ABC59 /* Project object */ = {
			isa = PBXProject;
			attributes = {
				LastSwiftUpdateCheck = 1240;
				LastUpgradeCheck = 1240;
				TargetAttributes = {
					63DC7E2225D4C64E008ABC59 = {
						CreatedOnToolsVersion = 12.4;
					};
					63DC7E3325D4C64F008ABC59 = {
						CreatedOnToolsVersion = 12.4;
						TestTargetID = 63DC7E2225D4C64E008ABC59;
					};
					63DC7E3E25D4C64F008ABC59 = {
						CreatedOnToolsVersion = 12.4;
						TestTargetID = 63DC7E2225D4C64E008ABC59;
					};
				};
			};
			buildConfigurationList = 63DC7E1E25D4C64E008ABC59 /* Build configuration list for PBXProject "TabView_Example_Test" */;
			compatibilityVersion = "Xcode 9.3";
			developmentRegion = en;
			hasScannedForEncodings = 0;
			knownRegions = (
				en,
				Base,
			);
			mainGroup = 63DC7E1A25D4C64E008ABC59;
			productRefGroup = 63DC7E2425D4C64E008ABC59 /* Products */;
			projectDirPath = "";
			projectRoot = "";
			targets = (
				63DC7E2225D4C64E008ABC59 /* TabView_Example_Test */,
				63DC7E3325D4C64F008ABC59 /* TabView_Example_TestTests */,
				63DC7E3E25D4C64F008ABC59 /* TabView_Example_TestUITests */,
			);
		};
/* End PBXProject section */

/* Begin PBXResourcesBuildPhase section */
		63DC7E2125D4C64E008ABC59 /* Resources */ = {
			isa = PBXResourcesBuildPhase;
			buildActionMask = 2147483647;
			files = (
				63DC7E2E25D4C64F008ABC59 /* Preview Assets.xcassets in Resources */,
				63DC7E2B25D4C64F008ABC59 /* Assets.xcassets in Resources */,
			);
			runOnlyForDeploymentPostprocessing = 0;
		};
		63DC7E3225D4C64F008ABC59 /* Resources */ = {
			isa = PBXResourcesBuildPhase;
			buildActionMask = 2147483647;
			files = (
			);
			runOnlyForDeploymentPostprocessing = 0;
		};
		63DC7E3D25D4C64F008ABC59 /* Resources */ = {
			isa = PBXResourcesBuildPhase;
			buildActionMask = 2147483647;
			files = (
			);
			runOnlyForDeploymentPostprocessing = 0;
		};
/* End PBXResourcesBuildPhase section */

/* Begin PBXSourcesBuildPhase section */
		63DC7E1F25D4C64E008ABC59 /* Sources */ = {
			isa = PBXSourcesBuildPhase;
			buildActionMask = 2147483647;
			files = (
				63DC7E2925D4C64E008ABC59 /* ContentView.swift in Sources */,
				63DC7E2725D4C64E008ABC59 /* TabView_Example_TestApp.swift in Sources */,
			);
			runOnlyForDeploymentPostprocessing = 0;
		};
		63DC7E3025D4C64F008ABC59 /* Sources */ = {
			isa = PBXSourcesBuildPhase;
			buildActionMask = 2147483647;
			files = (
				63DC7E3925D4C64F008ABC59 /* TabView_Example_TestTests.swift in Sources */,
			);
			runOnlyForDeploymentPostprocessing = 0;
		};
		63DC7E3B25D4C64F008ABC59 /* Sources */ = {
			isa = PBXSourcesBuildPhase;
			buildActionMask = 2147483647;
			files = (
				63DC7E5525D4C694008ABC59 /* TabView_Example.swift in Sources */,
			);
			runOnlyForDeploymentPostprocessing = 0;
		};
/* End PBXSourcesBuildPhase section */

/* Begin PBXTargetDependency section */
		63DC7E3625D4C64F008ABC59 /* PBXTargetDependency */ = {
			isa = PBXTargetDependency;
			target = 63DC7E2225D4C64E008ABC59 /* TabView_Example_Test */;
			targetProxy = 63DC7E3525D4C64F008ABC59 /* PBXContainerItemProxy */;
		};
		63DC7E4125D4C64F008ABC59 /* PBXTargetDependency */ = {
			isa = PBXTargetDependency;
			target = 63DC7E2225D4C64E008ABC59 /* TabView_Example_Test */;
			targetProxy = 63DC7E4025D4C64F008ABC59 /* PBXContainerItemProxy */;
		};
/* End PBXTargetDependency section */

/* Begin XCBuildConfiguration section */
		63DC7E4625D4C64F008ABC59 /* Debug */ = {
			isa = XCBuildConfiguration;
			buildSettings = {
				ALWAYS_SEARCH_USER_PATHS = NO;
				CLANG_ANALYZER_NONNULL = YES;
				CLANG_ANALYZER_NUMBER_OBJECT_CONVERSION = YES_AGGRESSIVE;
				CLANG_CXX_LANGUAGE_STANDARD = "gnu++14";
				CLANG_CXX_LIBRARY = "libc++";
				CLANG_ENABLE_MODULES = YES;
				CLANG_ENABLE_OBJC_ARC = YES;
				CLANG_ENABLE_OBJC_WEAK = YES;
				CLANG_WARN_BLOCK_CAPTURE_AUTORELEASING = YES;
				CLANG_WARN_BOOL_CONVERSION = YES;
				CLANG_WARN_COMMA = YES;
				CLANG_WARN_CONSTANT_CONVERSION = YES;
				CLANG_WARN_DEPRECATED_OBJC_IMPLEMENTATIONS = YES;
				CLANG_WARN_DIRECT_OBJC_ISA_USAGE = YES_ERROR;
				CLANG_WARN_DOCUMENTATION_COMMENTS = YES;
				CLANG_WARN_EMPTY_BODY = YES;
				CLANG_WARN_ENUM_CONVERSION = YES;
				CLANG_WARN_INFINITE_RECURSION = YES;
				CLANG_WARN_INT_CONVERSION = YES;
				CLANG_WARN_NON_LITERAL_NULL_CONVERSION = YES;
				CLANG_WARN_OBJC_IMPLICIT_RETAIN_SELF = YES;
				CLANG_WARN_OBJC_LITERAL_CONVERSION = YES;
				CLANG_WARN_OBJC_ROOT_CLASS = YES_ERROR;
				CLANG_WARN_QUOTED_INCLUDE_IN_FRAMEWORK_HEADER = YES;
				CLANG_WARN_RANGE_LOOP_ANALYSIS = YES;
				CLANG_WARN_STRICT_PROTOTYPES = YES;
				CLANG_WARN_SUSPICIOUS_MOVE = YES;
				CLANG_WARN_UNGUARDED_AVAILABILITY = YES_AGGRESSIVE;
				CLANG_WARN_UNREACHABLE_CODE = YES;
				CLANG_WARN__DUPLICATE_METHOD_MATCH = YES;
				COPY_PHASE_STRIP = NO;
				DEBUG_INFORMATION_FORMAT = dwarf;
				ENABLE_STRICT_OBJC_MSGSEND = YES;
				ENABLE_TESTABILITY = YES;
				GCC_C_LANGUAGE_STANDARD = gnu11;
				GCC_DYNAMIC_NO_PIC = NO;
				GCC_NO_COMMON_BLOCKS = YES;
				GCC_OPTIMIZATION_LEVEL = 0;
				GCC_PREPROCESSOR_DEFINITIONS = (
					"DEBUG=1",
					"$(inherited)",
				);
				GCC_WARN_64_TO_32_BIT_CONVERSION = YES;
				GCC_WARN_ABOUT_RETURN_TYPE = YES_ERROR;
				GCC_WARN_UNDECLARED_SELECTOR = YES;
				GCC_WARN_UNINITIALIZED_AUTOS = YES_AGGRESSIVE;
				GCC_WARN_UNUSED_FUNCTION = YES;
				GCC_WARN_UNUSED_VARIABLE = YES;
				IPHONEOS_DEPLOYMENT_TARGET = 14.1;
				MTL_ENABLE_DEBUG_INFO = INCLUDE_SOURCE;
				MTL_FAST_MATH = YES;
				ONLY_ACTIVE_ARCH = YES;
				SDKROOT = iphoneos;
				SWIFT_ACTIVE_COMPILATION_CONDITIONS = DEBUG;
				SWIFT_OPTIMIZATION_LEVEL = "-Onone";
			};
			name = Debug;
		};
		63DC7E4725D4C64F008ABC59 /* Release */ = {
			isa = XCBuildConfiguration;
			buildSettings = {
				ALWAYS_SEARCH_USER_PATHS = NO;
				CLANG_ANALYZER_NONNULL = YES;
				CLANG_ANALYZER_NUMBER_OBJECT_CONVERSION = YES_AGGRESSIVE;
				CLANG_CXX_LANGUAGE_STANDARD = "gnu++14";
				CLANG_CXX_LIBRARY = "libc++";
				CLANG_ENABLE_MODULES = YES;
				CLANG_ENABLE_OBJC_ARC = YES;
				CLANG_ENABLE_OBJC_WEAK = YES;
				CLANG_WARN_BLOCK_CAPTURE_AUTORELEASING = YES;
				CLANG_WARN_BOOL_CONVERSION = YES;
				CLANG_WARN_COMMA = YES;
				CLANG_WARN_CONSTANT_CONVERSION = YES;
				CLANG_WARN_DEPRECATED_OBJC_IMPLEMENTATIONS = YES;
				CLANG_WARN_DIRECT_OBJC_ISA_USAGE = YES_ERROR;
				CLANG_WARN_DOCUMENTATION_COMMENTS = YES;
				CLANG_WARN_EMPTY_BODY = YES;
				CLANG_WARN_ENUM_CONVERSION = YES;
				CLANG_WARN_INFINITE_RECURSION = YES;
				CLANG_WARN_INT_CONVERSION = YES;
				CLANG_WARN_NON_LITERAL_NULL_CONVERSION = YES;
				CLANG_WARN_OBJC_IMPLICIT_RETAIN_SELF = YES;
				CLANG_WARN_OBJC_LITERAL_CONVERSION = YES;
				CLANG_WARN_OBJC_ROOT_CLASS = YES_ERROR;
				CLANG_WARN_QUOTED_INCLUDE_IN_FRAMEWORK_HEADER = YES;
				CLANG_WARN_RANGE_LOOP_ANALYSIS = YES;
				CLANG_WARN_STRICT_PROTOTYPES = YES;
				CLANG_WARN_SUSPICIOUS_MOVE = YES;
				CLANG_WARN_UNGUARDED_AVAILABILITY = YES_AGGRESSIVE;
				CLANG_WARN_UNREACHABLE_CODE = YES;
				CLANG_WARN__DUPLICATE_METHOD_MATCH = YES;
				COPY_PHASE_STRIP = NO;
				DEBUG_INFORMATION_FORMAT = "dwarf-with-dsym";
				ENABLE_NS_ASSERTIONS = NO;
				ENABLE_STRICT_OBJC_MSGSEND = YES;
				GCC_C_LANGUAGE_STANDARD = gnu11;
				GCC_NO_COMMON_BLOCKS = YES;
				GCC_WARN_64_TO_32_BIT_CONVERSION = YES;
				GCC_WARN_ABOUT_RETURN_TYPE = YES_ERROR;
				GCC_WARN_UNDECLARED_SELECTOR = YES;
				GCC_WARN_UNINITIALIZED_AUTOS = YES_AGGRESSIVE;
				GCC_WARN_UNUSED_FUNCTION = YES;
				GCC_WARN_UNUSED_VARIABLE = YES;
				IPHONEOS_DEPLOYMENT_TARGET = 14.1;
				MTL_ENABLE_DEBUG_INFO = NO;
				MTL_FAST_MATH = YES;
				SDKROOT = iphoneos;
				SWIFT_COMPILATION_MODE = wholemodule;
				SWIFT_OPTIMIZATION_LEVEL = "-O";
				VALIDATE_PRODUCT = YES;
			};
			name = Release;
		};
		63DC7E4925D4C64F008ABC59 /* Debug */ = {
			isa = XCBuildConfiguration;
			buildSettings = {
				ASSETCATALOG_COMPILER_APPICON_NAME = AppIcon;
				ASSETCATALOG_COMPILER_GLOBAL_ACCENT_COLOR_NAME = AccentColor;
				CODE_SIGN_STYLE = Automatic;
				DEVELOPMENT_ASSET_PATHS = "\"TabView_Example_Test/Preview Content\"";
				DEVELOPMENT_TEAM = 99568KA9SE;
				ENABLE_PREVIEWS = YES;
				INFOPLIST_FILE = TabView_Example_Test/Info.plist;
				IPHONEOS_DEPLOYMENT_TARGET = 14.0;
				LD_RUNPATH_SEARCH_PATHS = (
					"$(inherited)",
					"@executable_path/Frameworks",
				);
				PRODUCT_BUNDLE_IDENTIFIER = "com.LifeWorksIQ.TabView-Example-Test";
				PRODUCT_NAME = "$(TARGET_NAME)";
				SWIFT_VERSION = 5.0;
				TARGETED_DEVICE_FAMILY = "1,2";
			};
			name = Debug;
		};
		63DC7E4A25D4C64F008ABC59 /* Release */ = {
			isa = XCBuildConfiguration;
			buildSettings = {
				ASSETCATALOG_COMPILER_APPICON_NAME = AppIcon;
				ASSETCATALOG_COMPILER_GLOBAL_ACCENT_COLOR_NAME = AccentColor;
				CODE_SIGN_STYLE = Automatic;
				DEVELOPMENT_ASSET_PATHS = "\"TabView_Example_Test/Preview Content\"";
				DEVELOPMENT_TEAM = 99568KA9SE;
				ENABLE_PREVIEWS = YES;
				INFOPLIST_FILE = TabView_Example_Test/Info.plist;
				IPHONEOS_DEPLOYMENT_TARGET = 14.0;
				LD_RUNPATH_SEARCH_PATHS = (
					"$(inherited)",
					"@executable_path/Frameworks",
				);
				PRODUCT_BUNDLE_IDENTIFIER = "com.LifeWorksIQ.TabView-Example-Test";
				PRODUCT_NAME = "$(TARGET_NAME)";
				SWIFT_VERSION = 5.0;
				TARGETED_DEVICE_FAMILY = "1,2";
			};
			name = Release;
		};
		63DC7E4C25D4C64F008ABC59 /* Debug */ = {
			isa = XCBuildConfiguration;
			buildSettings = {
				ALWAYS_EMBED_SWIFT_STANDARD_LIBRARIES = YES;
				BUNDLE_LOADER = "$(TEST_HOST)";
				CODE_SIGN_STYLE = Automatic;
				DEVELOPMENT_TEAM = 99568KA9SE;
				INFOPLIST_FILE = TabView_Example_TestTests/Info.plist;
				IPHONEOS_DEPLOYMENT_TARGET = 14.0;
				LD_RUNPATH_SEARCH_PATHS = (
					"$(inherited)",
					"@executable_path/Frameworks",
					"@loader_path/Frameworks",
				);
				PRODUCT_BUNDLE_IDENTIFIER = "com.LifeWorksIQ.TabView-Example-TestTests";
				PRODUCT_NAME = "$(TARGET_NAME)";
				SWIFT_VERSION = 5.0;
				TARGETED_DEVICE_FAMILY = "1,2";
				TEST_HOST = "$(BUILT_PRODUCTS_DIR)/TabView_Example_Test.app/TabView_Example_Test";
			};
			name = Debug;
		};
		63DC7E4D25D4C64F008ABC59 /* Release */ = {
			isa = XCBuildConfiguration;
			buildSettings = {
				ALWAYS_EMBED_SWIFT_STANDARD_LIBRARIES = YES;
				BUNDLE_LOADER = "$(TEST_HOST)";
				CODE_SIGN_STYLE = Automatic;
				DEVELOPMENT_TEAM = 99568KA9SE;
				INFOPLIST_FILE = TabView_Example_TestTests/Info.plist;
				IPHONEOS_DEPLOYMENT_TARGET = 14.0;
				LD_RUNPATH_SEARCH_PATHS = (
					"$(inherited)",
					"@executable_path/Frameworks",
					"@loader_path/Frameworks",
				);
				PRODUCT_BUNDLE_IDENTIFIER = "com.LifeWorksIQ.TabView-Example-TestTests";
				PRODUCT_NAME = "$(TARGET_NAME)";
				SWIFT_VERSION = 5.0;
				TARGETED_DEVICE_FAMILY = "1,2";
				TEST_HOST = "$(BUILT_PRODUCTS_DIR)/TabView_Example_Test.app/TabView_Example_Test";
			};
			name = Release;
		};
		63DC7E4F25D4C64F008ABC59 /* Debug */ = {
			isa = XCBuildConfiguration;
			buildSettings = {
				ALWAYS_EMBED_SWIFT_STANDARD_LIBRARIES = YES;
				CODE_SIGN_STYLE = Automatic;
				DEVELOPMENT_TEAM = 99568KA9SE;
				INFOPLIST_FILE = TabView_Example_TestUITests/Info.plist;
				LD_RUNPATH_SEARCH_PATHS = (
					"$(inherited)",
					"@executable_path/Frameworks",
					"@loader_path/Frameworks",
				);
				PRODUCT_BUNDLE_IDENTIFIER = "com.LifeWorksIQ.TabView-Example-TestUITests";
				PRODUCT_NAME = "$(TARGET_NAME)";
				SWIFT_VERSION = 5.0;
				TARGETED_DEVICE_FAMILY = "1,2";
				TEST_TARGET_NAME = TabView_Example_Test;
			};
			name = Debug;
		};
		63DC7E5025D4C64F008ABC59 /* Release */ = {
			isa = XCBuildConfiguration;
			buildSettings = {
				ALWAYS_EMBED_SWIFT_STANDARD_LIBRARIES = YES;
				CODE_SIGN_STYLE = Automatic;
				DEVELOPMENT_TEAM = 99568KA9SE;
				INFOPLIST_FILE = TabView_Example_TestUITests/Info.plist;
				LD_RUNPATH_SEARCH_PATHS = (
					"$(inherited)",
					"@executable_path/Frameworks",
					"@loader_path/Frameworks",
				);
				PRODUCT_BUNDLE_IDENTIFIER = "com.LifeWorksIQ.TabView-Example-TestUITests";
				PRODUCT_NAME = "$(TARGET_NAME)";
				SWIFT_VERSION = 5.0;
				TARGETED_DEVICE_FAMILY = "1,2";
				TEST_TARGET_NAME = TabView_Example_Test;
			};
			name = Release;
		};
/* End XCBuildConfiguration section */

/* Begin XCConfigurationList section */
		63DC7E1E25D4C64E008ABC59 /* Build configuration list for PBXProject "TabView_Example_Test" */ = {
			isa = XCConfigurationList;
			buildConfigurations = (
				63DC7E4625D4C64F008ABC59 /* Debug */,
				63DC7E4725D4C64F008ABC59 /* Release */,
			);
			defaultConfigurationIsVisible = 0;
			defaultConfigurationName = Release;
		};
		63DC7E4825D4C64F008ABC59 /* Build configuration list for PBXNativeTarget "TabView_Example_Test" */ = {
			isa = XCConfigurationList;
			buildConfigurations = (
				63DC7E4925D4C64F008ABC59 /* Debug */,
				63DC7E4A25D4C64F008ABC59 /* Release */,
			);
			defaultConfigurationIsVisible = 0;
			defaultConfigurationName = Release;
		};
		63DC7E4B25D4C64F008ABC59 /* Build configuration list for PBXNativeTarget "TabView_Example_TestTests" */ = {
			isa = XCConfigurationList;
			buildConfigurations = (
				63DC7E4C25D4C64F008ABC59 /* Debug */,
				63DC7E4D25D4C64F008ABC59 /* Release */,
			);
			defaultConfigurationIsVisible = 0;
			defaultConfigurationName = Release;
		};
		63DC7E4E25D4C64F008ABC59 /* Build configuration list for PBXNativeTarget "TabView_Example_TestUITests" */ = {
			isa = XCConfigurationList;
			buildConfigurations = (
				63DC7E4F25D4C64F008ABC59 /* Debug */,
				63DC7E5025D4C64F008ABC59 /* Release */,
			);
			defaultConfigurationIsVisible = 0;
			defaultConfigurationName = Release;
		};
/* End XCConfigurationList section */
	};
	rootObject = 63DC7E1B25D4C64E008ABC59 /* Project object */;
}
